{
  "name": "hordes-loc",
  "version": "0.0.1",
  "lockfileVersion": 1,
  "requires": true,
  "dependencies": {
    "@types/estree": {
      "version": "0.0.39",
      "resolved": "https://registry.npmjs.org/@types/estree/-/estree-0.0.39.tgz",
      "integrity": "sha512-EYNwp3bU+98cpU4lAWYYL7Zz+2gryWH1qbdDTidVd6hkiR6weksdbMadyXKXNPEkQFhXM+hVO9ZygomHXp+AIw=="
    },
    "@types/node": {
      "version": "11.13.0",
      "resolved": "https://registry.npmjs.org/@types/node/-/node-11.13.0.tgz",
      "integrity": "sha512-rx29MMkRdVmzunmiA4lzBYJNnXsW/PhG4kMBy2ATsYaDjGGR75dCFEVVROKpNwlVdcUX3xxlghKQOeDPBJobng=="
    },
    "acorn": {
      "version": "6.1.1",
      "resolved": "https://registry.npmjs.org/acorn/-/acorn-6.1.1.tgz",
      "integrity": "sha512-jPTiwtOxaHNaAPg/dmrJ/beuzLRnXtB0kQPQ8JpotKJgTB6rX6c8mlf315941pyjBSaPg8NHXS9fhP4u17DpGA=="
    },
    "rollup": {
      "version": "1.9.0",
      "resolved": "https://registry.npmjs.org/rollup/-/rollup-1.9.0.tgz",
      "integrity": "sha512-cNZx9MLpKFMSaObdVFeu8nXw8gfw6yjuxWjt5mRCJcBZrAJ0NHAYwemKjayvYvhLaNNkf3+kS2DKRKS5J6NRVg==",
      "requires": {
        "@types/estree": "0.0.39",
        "@types/node": "^11.13.0",
        "acorn": "^6.1.1"
      }
    }
  }
}
